
Microsoft Visual Studio Solution File, Format Version 12.00
# Visual Studio Version 16
VisualStudioVersion = 16.0.30104.148
MinimumVisualStudioVersion = 10.0.40219.1
Project("{9A19103F-16F7-4668-BE54-9A1E7A4F7556}") = "ApolloQA", "ApolloQA\ApolloQA.csproj", "{F1682B7B-7000-4910-9DAA-1023FD01B4C7}"
EndProject
Global
	GlobalSection(SolutionConfigurationPlatforms) = preSolution
		Debug|Any CPU = Debug|Any CPU
		Release|Any CPU = Release|Any CPU
	EndGlobalSection
	GlobalSection(ProjectConfigurationPlatforms) = postSolution
		{F1682B7B-7000-4910-9DAA-1023FD01B4C7}.Debug|Any CPU.ActiveCfg = Debug|Any CPU
		{F1682B7B-7000-4910-9DAA-1023FD01B4C7}.Debug|Any CPU.Build.0 = Debug|Any CPU
		{F1682B7B-7000-4910-9DAA-1023FD01B4C7}.Release|Any CPU.ActiveCfg = Release|Any CPU
		{F1682B7B-7000-4910-9DAA-1023FD01B4C7}.Release|Any CPU.Build.0 = Release|Any CPU
	EndGlobalSection
	GlobalSection(SolutionProperties) = preSolution
		HideSolutionNode = FALSE
	EndGlobalSection
	GlobalSection(ExtensibilityGlobals) = postSolution
		SolutionGuid = {E53584B9-EBBD-4212-9E95-E41FFD2819AE}
	EndGlobalSection
EndGlobal
