
Microsoft Visual Studio Solution File, Format Version 12.00
# Visual Studio Version 16
VisualStudioVersion = 16.0.30104.148
MinimumVisualStudioVersion = 10.0.40219.1
Project("{9A19103F-16F7-4668-BE54-9A1E7A4F7556}") = "ApolloQA", "ApolloQA.csproj", "{E31E1A2C-CCBF-48A3-AFF6-8F66196B8739}"
EndProject
Global
	GlobalSection(SolutionConfigurationPlatforms) = preSolution
		Debug|Any CPU = Debug|Any CPU
		Release|Any CPU = Release|Any CPU
	EndGlobalSection
	GlobalSection(ProjectConfigurationPlatforms) = postSolution
		{E31E1A2C-CCBF-48A3-AFF6-8F66196B8739}.Debug|Any CPU.ActiveCfg = Debug|Any CPU
		{E31E1A2C-CCBF-48A3-AFF6-8F66196B8739}.Debug|Any CPU.Build.0 = Debug|Any CPU
		{E31E1A2C-CCBF-48A3-AFF6-8F66196B8739}.Release|Any CPU.ActiveCfg = Release|Any CPU
		{E31E1A2C-CCBF-48A3-AFF6-8F66196B8739}.Release|Any CPU.Build.0 = Release|Any CPU
	EndGlobalSection
	GlobalSection(SolutionProperties) = preSolution
		HideSolutionNode = FALSE
	EndGlobalSection
	GlobalSection(ExtensibilityGlobals) = postSolution
		SolutionGuid = {E53584B9-EBBD-4212-9E95-E41FFD2819AE}
	EndGlobalSection
EndGlobal
